<?xml version="1.0" encoding="utf-8"?>
<Project ToolsVersion="4.0" xmlns="http://schemas.microsoft.com/developer/msbuild/2003">
  <ItemGroup>
    <Filter Include="Header Files">
      <UniqueIdentifier>{21EB8090-0D4E-1035-B6D3-48EBA215DCB7}</UniqueIdentifier>
    </Filter>
    <Filter Include="Source Files">
      <UniqueIdentifier>{581e1bc0-f042-437c-b230-738a13302076}</UniqueIdentifier>
    </Filter>
  </ItemGroup>
  <ItemGroup>
    <ClInclude Include="src\force.h">
      <Filter>Header Files</Filter>
    </ClInclude>
    <ClInclude Include="src\integrator.h">
      <Filter>Header Files</Filter>
    </ClInclude>
    <ClInclude Include="src\mathf.h">
      <Filter>Header Files</Filter>
    </ClInclude>
    <ClInclude Include="src\world.h">
      <Filter>Header Files</Filter>
    </ClInclude>
    <ClInclude Include="src\Body.h">
      <Filter>Header Files</Filter>
    </ClInclude>
    <ClInclude Include="src\render.h">
      <Filter>Header Files</Filter>
    </ClInclude>
    <ClInclude Include="src\editor.h">
      <Filter>Header Files</Filter>
    </ClInclude>
    <ClInclude Include="src\Spring.h">
      <Filter>Header Files</Filter>
    </ClInclude>
    <ClInclude Include="src\contact.h">
      <Filter>Header Files</Filter>
    </ClInclude>
    <ClInclude Include="src\collision.h">
      <Filter>Header Files</Filter>
    </ClInclude>
  </ItemGroup>
  <ItemGroup>
    <ClCompile Include="src\world.c">
      <Filter>Source Files</Filter>
    </ClCompile>
    <ClCompile Include="src\force.c">
      <Filter>Source Files</Filter>
    </ClCompile>
    <ClCompile Include="src\Body.c">
      <Filter>Source Files</Filter>
    </ClCompile>
    <ClCompile Include="src\main.c">
      <Filter>Source Files</Filter>
    </ClCompile>
    <ClCompile Include="src\render.c">
      <Filter>Source Files</Filter>
    </ClCompile>
    <ClCompile Include="src\editor.c">
      <Filter>Source Files</Filter>
    </ClCompile>
    <ClCompile Include="src\Spring.c">
      <Filter>Source Files</Filter>
    </ClCompile>
    <ClCompile Include="src\contact.c">
      <Filter>Source Files</Filter>
    </ClCompile>
    <ClCompile Include="src\collision.c">
      <Filter>Source Files</Filter>
    </ClCompile>
  </ItemGroup>
</Project>